// !$*UTF8*$!
{
	archiveVersion = 1;
	classes = {
	};
	objectVersion = 56;
	objects = {

/* Begin PBXBuildFile section */
		C1AA0EA82A2A4C1700C2C9B3 /* AppDelegate.swift in Sources */ = {isa = PBXBuildFile; fileRef = C1AA0EA72A2A4C1700C2C9B3 /* AppDelegate.swift */; };
		C1AA0EAA2A2A4C1700C2C9B3 /* DocumentBrowserViewController.swift in Sources */ = {isa = PBXBuildFile; fileRef = C1AA0EA92A2A4C1700C2C9B3 /* DocumentBrowserViewController.swift */; };
		C1AA0EAC2A2A4C1700C2C9B3 /* DocumentViewController.swift in Sources */ = {isa = PBXBuildFile; fileRef = C1AA0EAB2A2A4C1700C2C9B3 /* DocumentViewController.swift */; };
		C1AA0EAE2A2A4C1700C2C9B3 /* Document.swift in Sources */ = {isa = PBXBuildFile; fileRef = C1AA0EAD2A2A4C1700C2C9B3 /* Document.swift */; };
		C1AA0EB12A2A4C1700C2C9B3 /* Main.storyboard in Resources */ = {isa = PBXBuildFile; fileRef = C1AA0EAF2A2A4C1700C2C9B3 /* Main.storyboard */; };
		C1AA0EB32A2A4C1700C2C9B3 /* Assets.xcassets in Resources */ = {isa = PBXBuildFile; fileRef = C1AA0EB22A2A4C1700C2C9B3 /* Assets.xcassets */; };
		C1AA0EB62A2A4C1700C2C9B3 /* LaunchScreen.storyboard in Resources */ = {isa = PBXBuildFile; fileRef = C1AA0EB42A2A4C1700C2C9B3 /* LaunchScreen.storyboard */; };
		C1AA0EC12A2A4C1700C2C9B3 /* chatgpptTests.swift in Sources */ = {isa = PBXBuildFile; fileRef = C1AA0EC02A2A4C1700C2C9B3 /* chatgpptTests.swift */; };
		C1AA0ECB2A2A4C1700C2C9B3 /* chatgpptUITests.swift in Sources */ = {isa = PBXBuildFile; fileRef = C1AA0ECA2A2A4C1700C2C9B3 /* chatgpptUITests.swift */; };
		C1AA0ECD2A2A4C1700C2C9B3 /* chatgpptUITestsLaunchTests.swift in Sources */ = {isa = PBXBuildFile; fileRef = C1AA0ECC2A2A4C1700C2C9B3 /* chatgpptUITestsLaunchTests.swift */; };
		C1AA0EDA2A2A4C3800C2C9B3 /* conversation.swift in Sources */ = {isa = PBXBuildFile; fileRef = C1AA0ED92A2A4C3800C2C9B3 /* conversation.swift */; };
/* End PBXBuildFile section */

/* Begin PBXContainerItemProxy section */
		C1AA0EBD2A2A4C1700C2C9B3 /* PBXContainerItemProxy */ = {
			isa = PBXContainerItemProxy;
			containerPortal = C1AA0E9C2A2A4C1700C2C9B3 /* Project object */;
			proxyType = 1;
			remoteGlobalIDString = C1AA0EA32A2A4C1700C2C9B3;
			remoteInfo = chatgppt;
		};
		C1AA0EC72A2A4C1700C2C9B3 /* PBXContainerItemProxy */ = {
			isa = PBXContainerItemProxy;
			containerPortal = C1AA0E9C2A2A4C1700C2C9B3 /* Project object */;
			proxyType = 1;
			remoteGlobalIDString = C1AA0EA32A2A4C1700C2C9B3;
			remoteInfo = chatgppt;
		};
/* End PBXContainerItemProxy section */

/* Begin PBXFileReference section */
		C1AA0EA42A2A4C1700C2C9B3 /* chatgppt.app */ = {isa = PBXFileReference; explicitFileType = wrapper.application; includeInIndex = 0; path = chatgppt.app; sourceTree = BUILT_PRODUCTS_DIR; };
		C1AA0EA72A2A4C1700C2C9B3 /* AppDelegate.swift */ = {isa = PBXFileReference; lastKnownFileType = sourcecode.swift; path = AppDelegate.swift; sourceTree = "<group>"; };
		C1AA0EA92A2A4C1700C2C9B3 /* DocumentBrowserViewController.swift */ = {isa = PBXFileReference; lastKnownFileType = sourcecode.swift; path = DocumentBrowserViewController.swift; sourceTree = "<group>"; };
		C1AA0EAB2A2A4C1700C2C9B3 /* DocumentViewController.swift */ = {isa = PBXFileReference; lastKnownFileType = sourcecode.swift; path = DocumentViewController.swift; sourceTree = "<group>"; };
		C1AA0EAD2A2A4C1700C2C9B3 /* Document.swift */ = {isa = PBXFileReference; lastKnownFileType = sourcecode.swift; path = Document.swift; sourceTree = "<group>"; };
		C1AA0EB02A2A4C1700C2C9B3 /* Base */ = {isa = PBXFileReference; lastKnownFileType = file.storyboard; name = Base; path = Base.lproj/Main.storyboard; sourceTree = "<group>"; };
		C1AA0EB22A2A4C1700C2C9B3 /* Assets.xcassets */ = {isa = PBXFileReference; lastKnownFileType = folder.assetcatalog; path = Assets.xcassets; sourceTree = "<group>"; };
		C1AA0EB52A2A4C1700C2C9B3 /* Base */ = {isa = PBXFileReference; lastKnownFileType = file.storyboard; name = Base; path = Base.lproj/LaunchScreen.storyboard; sourceTree = "<group>"; };
		C1AA0EB72A2A4C1700C2C9B3 /* Info.plist */ = {isa = PBXFileReference; lastKnownFileType = text.plist.xml; path = Info.plist; sourceTree = "<group>"; };
		C1AA0EBC2A2A4C1700C2C9B3 /* chatgpptTests.xctest */ = {isa = PBXFileReference; explicitFileType = wrapper.cfbundle; includeInIndex = 0; path = chatgpptTests.xctest; sourceTree = BUILT_PRODUCTS_DIR; };
		C1AA0EC02A2A4C1700C2C9B3 /* chatgpptTests.swift */ = {isa = PBXFileReference; lastKnownFileType = sourcecode.swift; path = chatgpptTests.swift; sourceTree = "<group>"; };
		C1AA0EC62A2A4C1700C2C9B3 /* chatgpptUITests.xctest */ = {isa = PBXFileReference; explicitFileType = wrapper.cfbundle; includeInIndex = 0; path = chatgpptUITests.xctest; sourceTree = BUILT_PRODUCTS_DIR; };
		C1AA0ECA2A2A4C1700C2C9B3 /* chatgpptUITests.swift */ = {isa = PBXFileReference; lastKnownFileType = sourcecode.swift; path = chatgpptUITests.swift; sourceTree = "<group>"; };
		C1AA0ECC2A2A4C1700C2C9B3 /* chatgpptUITestsLaunchTests.swift */ = {isa = PBXFileReference; lastKnownFileType = sourcecode.swift; path = chatgpptUITestsLaunchTests.swift; sourceTree = "<group>"; };
		C1AA0ED92A2A4C3800C2C9B3 /* conversation.swift */ = {isa = PBXFileReference; lastKnownFileType = sourcecode.swift; path = conversation.swift; sourceTree = "<group>"; };
/* End PBXFileReference section */

/* Begin PBXFrameworksBuildPhase section */
		C1AA0EA12A2A4C1700C2C9B3 /* Frameworks */ = {
			isa = PBXFrameworksBuildPhase;
			buildActionMask = 2147483647;
			files = (
			);
			runOnlyForDeploymentPostprocessing = 0;
		};
		C1AA0EB92A2A4C1700C2C9B3 /* Frameworks */ = {
			isa = PBXFrameworksBuildPhase;
			buildActionMask = 2147483647;
			files = (
			);
			runOnlyForDeploymentPostprocessing = 0;
		};
		C1AA0EC32A2A4C1700C2C9B3 /* Frameworks */ = {
			isa = PBXFrameworksBuildPhase;
			buildActionMask = 2147483647;
			files = (
			);
			runOnlyForDeploymentPostprocessing = 0;
		};
/* End PBXFrameworksBuildPhase section */

/* Begin PBXGroup section */
		C1AA0E9B2A2A4C1700C2C9B3 = {
			isa = PBXGroup;
			children = (
				C1AA0EA62A2A4C1700C2C9B3 /* chatgppt */,
				C1AA0EBF2A2A4C1700C2C9B3 /* chatgpptTests */,
				C1AA0EC92A2A4C1700C2C9B3 /* chatgpptUITests */,
				C1AA0EA52A2A4C1700C2C9B3 /* Products */,
			);
			sourceTree = "<group>";
		};
		C1AA0EA52A2A4C1700C2C9B3 /* Products */ = {
			isa = PBXGroup;
			children = (
				C1AA0EA42A2A4C1700C2C9B3 /* chatgppt.app */,
				C1AA0EBC2A2A4C1700C2C9B3 /* chatgpptTests.xctest */,
				C1AA0EC62A2A4C1700C2C9B3 /* chatgpptUITests.xctest */,
			);
			name = Products;
			sourceTree = "<group>";
		};
		C1AA0EA62A2A4C1700C2C9B3 /* chatgppt */ = {
			isa = PBXGroup;
			children = (
				C1AA0ED92A2A4C3800C2C9B3 /* conversation.swift */,
				C1AA0EA72A2A4C1700C2C9B3 /* AppDelegate.swift */,
				C1AA0EA92A2A4C1700C2C9B3 /* DocumentBrowserViewController.swift */,
				C1AA0EAB2A2A4C1700C2C9B3 /* DocumentViewController.swift */,
				C1AA0EAD2A2A4C1700C2C9B3 /* Document.swift */,
				C1AA0EAF2A2A4C1700C2C9B3 /* Main.storyboard */,
				C1AA0EB22A2A4C1700C2C9B3 /* Assets.xcassets */,
				C1AA0EB42A2A4C1700C2C9B3 /* LaunchScreen.storyboard */,
				C1AA0EB72A2A4C1700C2C9B3 /* Info.plist */,
			);
			path = chatgppt;
			sourceTree = "<group>";
		};
		C1AA0EBF2A2A4C1700C2C9B3 /* chatgpptTests */ = {
			isa = PBXGroup;
			children = (
				C1AA0EC02A2A4C1700C2C9B3 /* chatgpptTests.swift */,
			);
			path = chatgpptTests;
			sourceTree = "<group>";
		};
		C1AA0EC92A2A4C1700C2C9B3 /* chatgpptUITests */ = {
			isa = PBXGroup;
			children = (
				C1AA0ECA2A2A4C1700C2C9B3 /* chatgpptUITests.swift */,
				C1AA0ECC2A2A4C1700C2C9B3 /* chatgpptUITestsLaunchTests.swift */,
			);
			path = chatgpptUITests;
			sourceTree = "<group>";
		};
/* End PBXGroup section */

/* Begin PBXNativeTarget section */
		C1AA0EA32A2A4C1700C2C9B3 /* chatgppt */ = {
			isa = PBXNativeTarget;
			buildConfigurationList = C1AA0ED02A2A4C1700C2C9B3 /* Build configuration list for PBXNativeTarget "chatgppt" */;
			buildPhases = (
				C1AA0EA02A2A4C1700C2C9B3 /* Sources */,
				C1AA0EA12A2A4C1700C2C9B3 /* Frameworks */,
				C1AA0EA22A2A4C1700C2C9B3 /* Resources */,
			);
			buildRules = (
			);
			dependencies = (
			);
			name = chatgppt;
			productName = chatgppt;
			productReference = C1AA0EA42A2A4C1700C2C9B3 /* chatgppt.app */;
			productType = "com.apple.product-type.application";
		};
		C1AA0EBB2A2A4C1700C2C9B3 /* chatgpptTests */ = {
			isa = PBXNativeTarget;
			buildConfigurationList = C1AA0ED32A2A4C1700C2C9B3 /* Build configuration list for PBXNativeTarget "chatgpptTests" */;
			buildPhases = (
				C1AA0EB82A2A4C1700C2C9B3 /* Sources */,
				C1AA0EB92A2A4C1700C2C9B3 /* Frameworks */,
				C1AA0EBA2A2A4C1700C2C9B3 /* Resources */,
			);
			buildRules = (
			);
			dependencies = (
				C1AA0EBE2A2A4C1700C2C9B3 /* PBXTargetDependency */,
			);
			name = chatgpptTests;
			productName = chatgpptTests;
			productReference = C1AA0EBC2A2A4C1700C2C9B3 /* chatgpptTests.xctest */;
			productType = "com.apple.product-type.bundle.unit-test";
		};
		C1AA0EC52A2A4C1700C2C9B3 /* chatgpptUITests */ = {
			isa = PBXNativeTarget;
			buildConfigurationList = C1AA0ED62A2A4C1700C2C9B3 /* Build configuration list for PBXNativeTarget "chatgpptUITests" */;
			buildPhases = (
				C1AA0EC22A2A4C1700C2C9B3 /* Sources */,
				C1AA0EC32A2A4C1700C2C9B3 /* Frameworks */,
				C1AA0EC42A2A4C1700C2C9B3 /* Resources */,
			);
			buildRules = (
			);
			dependencies = (
				C1AA0EC82A2A4C1700C2C9B3 /* PBXTargetDependency */,
			);
			name = chatgpptUITests;
			productName = chatgpptUITests;
			productReference = C1AA0EC62A2A4C1700C2C9B3 /* chatgpptUITests.xctest */;
			productType = "com.apple.product-type.bundle.ui-testing";
		};
/* End PBXNativeTarget section */

/* Begin PBXProject section */
		C1AA0E9C2A2A4C1700C2C9B3 /* Project object */ = {
			isa = PBXProject;
			attributes = {
				BuildIndependentTargetsInParallel = 1;
				LastSwiftUpdateCheck = 1430;
				LastUpgradeCheck = 1430;
				TargetAttributes = {
					C1AA0EA32A2A4C1700C2C9B3 = {
						CreatedOnToolsVersion = 14.3;
					};
					C1AA0EBB2A2A4C1700C2C9B3 = {
						CreatedOnToolsVersion = 14.3;
						TestTargetID = C1AA0EA32A2A4C1700C2C9B3;
					};
					C1AA0EC52A2A4C1700C2C9B3 = {
						CreatedOnToolsVersion = 14.3;
						TestTargetID = C1AA0EA32A2A4C1700C2C9B3;
					};
				};
			};
			buildConfigurationList = C1AA0E9F2A2A4C1700C2C9B3 /* Build configuration list for PBXProject "chatgppt" */;
			compatibilityVersion = "Xcode 14.0";
			developmentRegion = en;
			hasScannedForEncodings = 0;
			knownRegions = (
				en,
				Base,
			);
			mainGroup = C1AA0E9B2A2A4C1700C2C9B3;
			productRefGroup = C1AA0EA52A2A4C1700C2C9B3 /* Products */;
			projectDirPath = "";
			projectRoot = "";
			targets = (
				C1AA0EA32A2A4C1700C2C9B3 /* chatgppt */,
				C1AA0EBB2A2A4C1700C2C9B3 /* chatgpptTests */,
				C1AA0EC52A2A4C1700C2C9B3 /* chatgpptUITests */,
			);
		};
/* End PBXProject section */

/* Begin PBXResourcesBuildPhase section */
		C1AA0EA22A2A4C1700C2C9B3 /* Resources */ = {
			isa = PBXResourcesBuildPhase;
			buildActionMask = 2147483647;
			files = (
				C1AA0EB62A2A4C1700C2C9B3 /* LaunchScreen.storyboard in Resources */,
				C1AA0EB32A2A4C1700C2C9B3 /* Assets.xcassets in Resources */,
				C1AA0EB12A2A4C1700C2C9B3 /* Main.storyboard in Resources */,
			);
			runOnlyForDeploymentPostprocessing = 0;
		};
		C1AA0EBA2A2A4C1700C2C9B3 /* Resources */ = {
			isa = PBXResourcesBuildPhase;
			buildActionMask = 2147483647;
			files = (
			);
			runOnlyForDeploymentPostprocessing = 0;
		};
		C1AA0EC42A2A4C1700C2C9B3 /* Resources */ = {
			isa = PBXResourcesBuildPhase;
			buildActionMask = 2147483647;
			files = (
			);
			runOnlyForDeploymentPostprocessing = 0;
		};
/* End PBXResourcesBuildPhase section */

/* Begin PBXSourcesBuildPhase section */
		C1AA0EA02A2A4C1700C2C9B3 /* Sources */ = {
			isa = PBXSourcesBuildPhase;
			buildActionMask = 2147483647;
			files = (
				C1AA0EAE2A2A4C1700C2C9B3 /* Document.swift in Sources */,
				C1AA0EAC2A2A4C1700C2C9B3 /* DocumentViewController.swift in Sources */,
				C1AA0EAA2A2A4C1700C2C9B3 /* DocumentBrowserViewController.swift in Sources */,
				C1AA0EDA2A2A4C3800C2C9B3 /* conversation.swift in Sources */,
				C1AA0EA82A2A4C1700C2C9B3 /* AppDelegate.swift in Sources */,
			);
			runOnlyForDeploymentPostprocessing = 0;
		};
		C1AA0EB82A2A4C1700C2C9B3 /* Sources */ = {
			isa = PBXSourcesBuildPhase;
			buildActionMask = 2147483647;
			files = (
				C1AA0EC12A2A4C1700C2C9B3 /* chatgpptTests.swift in Sources */,
			);
			runOnlyForDeploymentPostprocessing = 0;
		};
		C1AA0EC22A2A4C1700C2C9B3 /* Sources */ = {
			isa = PBXSourcesBuildPhase;
			buildActionMask = 2147483647;
			files = (
				C1AA0ECD2A2A4C1700C2C9B3 /* chatgpptUITestsLaunchTests.swift in Sources */,
				C1AA0ECB2A2A4C1700C2C9B3 /* chatgpptUITests.swift in Sources */,
			);
			runOnlyForDeploymentPostprocessing = 0;
		};
/* End PBXSourcesBuildPhase section */

/* Begin PBXTargetDependency section */
		C1AA0EBE2A2A4C1700C2C9B3 /* PBXTargetDependency */ = {
			isa = PBXTargetDependency;
			target = C1AA0EA32A2A4C1700C2C9B3 /* chatgppt */;
			targetProxy = C1AA0EBD2A2A4C1700C2C9B3 /* PBXContainerItemProxy */;
		};
		C1AA0EC82A2A4C1700C2C9B3 /* PBXTargetDependency */ = {
			isa = PBXTargetDependency;
			target = C1AA0EA32A2A4C1700C2C9B3 /* chatgppt */;
			targetProxy = C1AA0EC72A2A4C1700C2C9B3 /* PBXContainerItemProxy */;
		};
/* End PBXTargetDependency section */

/* Begin PBXVariantGroup section */
		C1AA0EAF2A2A4C1700C2C9B3 /* Main.storyboard */ = {
			isa = PBXVariantGroup;
			children = (
				C1AA0EB02A2A4C1700C2C9B3 /* Base */,
			);
			name = Main.storyboard;
			sourceTree = "<group>";
		};
		C1AA0EB42A2A4C1700C2C9B3 /* LaunchScreen.storyboard */ = {
			isa = PBXVariantGroup;
			children = (
				C1AA0EB52A2A4C1700C2C9B3 /* Base */,
			);
			name = LaunchScreen.storyboard;
			sourceTree = "<group>";
		};
/* End PBXVariantGroup section */

/* Begin XCBuildConfiguration section */
		C1AA0ECE2A2A4C1700C2C9B3 /* Debug */ = {
			isa = XCBuildConfiguration;
			buildSettings = {
				ALWAYS_SEARCH_USER_PATHS = NO;
				CLANG_ANALYZER_NONNULL = YES;
				CLANG_ANALYZER_NUMBER_OBJECT_CONVERSION = YES_AGGRESSIVE;
				CLANG_CXX_LANGUAGE_STANDARD = "gnu++20";
				CLANG_ENABLE_MODULES = YES;
				CLANG_ENABLE_OBJC_ARC = YES;
				CLANG_ENABLE_OBJC_WEAK = YES;
				CLANG_WARN_BLOCK_CAPTURE_AUTORELEASING = YES;
				CLANG_WARN_BOOL_CONVERSION = YES;
				CLANG_WARN_COMMA = YES;
				CLANG_WARN_CONSTANT_CONVERSION = YES;
				CLANG_WARN_DEPRECATED_OBJC_IMPLEMENTATIONS = YES;
				CLANG_WARN_DIRECT_OBJC_ISA_USAGE = YES_ERROR;
				CLANG_WARN_DOCUMENTATION_COMMENTS = YES;
				CLANG_WARN_EMPTY_BODY = YES;
				CLANG_WARN_ENUM_CONVERSION = YES;
				CLANG_WARN_INFINITE_RECURSION = YES;
				CLANG_WARN_INT_CONVERSION = YES;
				CLANG_WARN_NON_LITERAL_NULL_CONVERSION = YES;
				CLANG_WARN_OBJC_IMPLICIT_RETAIN_SELF = YES;
				CLANG_WARN_OBJC_LITERAL_CONVERSION = YES;
				CLANG_WARN_OBJC_ROOT_CLASS = YES_ERROR;
				CLANG_WARN_QUOTED_INCLUDE_IN_FRAMEWORK_HEADER = YES;
				CLANG_WARN_RANGE_LOOP_ANALYSIS = YES;
				CLANG_WARN_STRICT_PROTOTYPES = YES;
				CLANG_WARN_SUSPICIOUS_MOVE = YES;
				CLANG_WARN_UNGUARDED_AVAILABILITY = YES_AGGRESSIVE;
				CLANG_WARN_UNREACHABLE_CODE = YES;
				CLANG_WARN__DUPLICATE_METHOD_MATCH = YES;
				COPY_PHASE_STRIP = NO;
				DEBUG_INFORMATION_FORMAT = dwarf;
				ENABLE_STRICT_OBJC_MSGSEND = YES;
				ENABLE_TESTABILITY = YES;
				GCC_C_LANGUAGE_STANDARD = gnu11;
				GCC_DYNAMIC_NO_PIC = NO;
				GCC_NO_COMMON_BLOCKS = YES;
				GCC_OPTIMIZATION_LEVEL = 0;
				GCC_PREPROCESSOR_DEFINITIONS = (
					"DEBUG=1",
					"$(inherited)",
				);
				GCC_WARN_64_TO_32_BIT_CONVERSION = YES;
				GCC_WARN_ABOUT_RETURN_TYPE = YES_ERROR;
				GCC_WARN_UNDECLARED_SELECTOR = YES;
				GCC_WARN_UNINITIALIZED_AUTOS = YES_AGGRESSIVE;
				GCC_WARN_UNUSED_FUNCTION = YES;
				GCC_WARN_UNUSED_VARIABLE = YES;
				IPHONEOS_DEPLOYMENT_TARGET = 16.4;
				MTL_ENABLE_DEBUG_INFO = INCLUDE_SOURCE;
				MTL_FAST_MATH = YES;
				ONLY_ACTIVE_ARCH = YES;
				SDKROOT = iphoneos;
				SWIFT_ACTIVE_COMPILATION_CONDITIONS = DEBUG;
				SWIFT_OPTIMIZATION_LEVEL = "-Onone";
			};
			name = Debug;
		};
		C1AA0ECF2A2A4C1700C2C9B3 /* Release */ = {
			isa = XCBuildConfiguration;
			buildSettings = {
				ALWAYS_SEARCH_USER_PATHS = NO;
				CLANG_ANALYZER_NONNULL = YES;
				CLANG_ANALYZER_NUMBER_OBJECT_CONVERSION = YES_AGGRESSIVE;
				CLANG_CXX_LANGUAGE_STANDARD = "gnu++20";
				CLANG_ENABLE_MODULES = YES;
				CLANG_ENABLE_OBJC_ARC = YES;
				CLANG_ENABLE_OBJC_WEAK = YES;
				CLANG_WARN_BLOCK_CAPTURE_AUTORELEASING = YES;
				CLANG_WARN_BOOL_CONVERSION = YES;
				CLANG_WARN_COMMA = YES;
				CLANG_WARN_CONSTANT_CONVERSION = YES;
				CLANG_WARN_DEPRECATED_OBJC_IMPLEMENTATIONS = YES;
				CLANG_WARN_DIRECT_OBJC_ISA_USAGE = YES_ERROR;
				CLANG_WARN_DOCUMENTATION_COMMENTS = YES;
				CLANG_WARN_EMPTY_BODY = YES;
				CLANG_WARN_ENUM_CONVERSION = YES;
				CLANG_WARN_INFINITE_RECURSION = YES;
				CLANG_WARN_INT_CONVERSION = YES;
				CLANG_WARN_NON_LITERAL_NULL_CONVERSION = YES;
				CLANG_WARN_OBJC_IMPLICIT_RETAIN_SELF = YES;
				CLANG_WARN_OBJC_LITERAL_CONVERSION = YES;
				CLANG_WARN_OBJC_ROOT_CLASS = YES_ERROR;
				CLANG_WARN_QUOTED_INCLUDE_IN_FRAMEWORK_HEADER = YES;
				CLANG_WARN_RANGE_LOOP_ANALYSIS = YES;
				CLANG_WARN_STRICT_PROTOTYPES = YES;
				CLANG_WARN_SUSPICIOUS_MOVE = YES;
				CLANG_WARN_UNGUARDED_AVAILABILITY = YES_AGGRESSIVE;
				CLANG_WARN_UNREACHABLE_CODE = YES;
				CLANG_WARN__DUPLICATE_METHOD_MATCH = YES;
				COPY_PHASE_STRIP = NO;
				DEBUG_INFORMATION_FORMAT = "dwarf-with-dsym";
				ENABLE_NS_ASSERTIONS = NO;
				ENABLE_STRICT_OBJC_MSGSEND = YES;
				GCC_C_LANGUAGE_STANDARD = gnu11;
				GCC_NO_COMMON_BLOCKS = YES;
				GCC_WARN_64_TO_32_BIT_CONVERSION = YES;
				GCC_WARN_ABOUT_RETURN_TYPE = YES_ERROR;
				GCC_WARN_UNDECLARED_SELECTOR = YES;
				GCC_WARN_UNINITIALIZED_AUTOS = YES_AGGRESSIVE;
				GCC_WARN_UNUSED_FUNCTION = YES;
				GCC_WARN_UNUSED_VARIABLE = YES;
				IPHONEOS_DEPLOYMENT_TARGET = 16.4;
				MTL_ENABLE_DEBUG_INFO = NO;
				MTL_FAST_MATH = YES;
				SDKROOT = iphoneos;
				SWIFT_COMPILATION_MODE = wholemodule;
				SWIFT_OPTIMIZATION_LEVEL = "-O";
				VALIDATE_PRODUCT = YES;
			};
			name = Release;
		};
		C1AA0ED12A2A4C1700C2C9B3 /* Debug */ = {
			isa = XCBuildConfiguration;
			buildSettings = {
				ASSETCATALOG_COMPILER_APPICON_NAME = AppIcon;
				ASSETCATALOG_COMPILER_GLOBAL_ACCENT_COLOR_NAME = AccentColor;
				CODE_SIGN_STYLE = Automatic;
				CURRENT_PROJECT_VERSION = 1;
				DEVELOPMENT_TEAM = HJUD8NJFHM;
				GENERATE_INFOPLIST_FILE = YES;
				INFOPLIST_FILE = chatgppt/Info.plist;
				INFOPLIST_KEY_UIApplicationSupportsIndirectInputEvents = YES;
				INFOPLIST_KEY_UILaunchStoryboardName = LaunchScreen;
				INFOPLIST_KEY_UIMainStoryboardFile = Main;
				INFOPLIST_KEY_UISupportedInterfaceOrientations_iPad = "UIInterfaceOrientationPortrait UIInterfaceOrientationPortraitUpsideDown UIInterfaceOrientationLandscapeLeft UIInterfaceOrientationLandscapeRight";
				INFOPLIST_KEY_UISupportedInterfaceOrientations_iPhone = "UIInterfaceOrientationPortrait UIInterfaceOrientationLandscapeLeft UIInterfaceOrientationLandscapeRight";
				INFOPLIST_KEY_UISupportsDocumentBrowser = YES;
				LD_RUNPATH_SEARCH_PATHS = (
					"$(inherited)",
					"@executable_path/Frameworks",
				);
				MARKETING_VERSION = 1.0;
				PRODUCT_BUNDLE_IDENTIFIER = "Zhenbo-Wang.chatgppt";
				PRODUCT_NAME = "$(TARGET_NAME)";
				SWIFT_EMIT_LOC_STRINGS = YES;
				SWIFT_VERSION = 5.0;
				TARGETED_DEVICE_FAMILY = "1,2";
			};
			name = Debug;
		};
		C1AA0ED22A2A4C1700C2C9B3 /* Release */ = {
			isa = XCBuildConfiguration;
			buildSettings = {
				ASSETCATALOG_COMPILER_APPICON_NAME = AppIcon;
				ASSETCATALOG_COMPILER_GLOBAL_ACCENT_COLOR_NAME = AccentColor;
				CODE_SIGN_STYLE = Automatic;
				CURRENT_PROJECT_VERSION = 1;
				DEVELOPMENT_TEAM = HJUD8NJFHM;
				GENERATE_INFOPLIST_FILE = YES;
				INFOPLIST_FILE = chatgppt/Info.plist;
				INFOPLIST_KEY_UIApplicationSupportsIndirectInputEvents = YES;
				INFOPLIST_KEY_UILaunchStoryboardName = LaunchScreen;
				INFOPLIST_KEY_UIMainStoryboardFile = Main;
				INFOPLIST_KEY_UISupportedInterfaceOrientations_iPad = "UIInterfaceOrientationPortrait UIInterfaceOrientationPortraitUpsideDown UIInterfaceOrientationLandscapeLeft UIInterfaceOrientationLandscapeRight";
				INFOPLIST_KEY_UISupportedInterfaceOrientations_iPhone = "UIInterfaceOrientationPortrait UIInterfaceOrientationLandscapeLeft UIInterfaceOrientationLandscapeRight";
				INFOPLIST_KEY_UISupportsDocumentBrowser = YES;
				LD_RUNPATH_SEARCH_PATHS = (
					"$(inherited)",
					"@executable_path/Frameworks",
				);
				MARKETING_VERSION = 1.0;
				PRODUCT_BUNDLE_IDENTIFIER = "Zhenbo-Wang.chatgppt";
				PRODUCT_NAME = "$(TARGET_NAME)";
				SWIFT_EMIT_LOC_STRINGS = YES;
				SWIFT_VERSION = 5.0;
				TARGETED_DEVICE_FAMILY = "1,2";
			};
			name = Release;
		};
		C1AA0ED42A2A4C1700C2C9B3 /* Debug */ = {
			isa = XCBuildConfiguration;
			buildSettings = {
				ALWAYS_EMBED_SWIFT_STANDARD_LIBRARIES = YES;
				BUNDLE_LOADER = "$(TEST_HOST)";
				CODE_SIGN_STYLE = Automatic;
				CURRENT_PROJECT_VERSION = 1;
				DEVELOPMENT_TEAM = HJUD8NJFHM;
				GENERATE_INFOPLIST_FILE = YES;
				IPHONEOS_DEPLOYMENT_TARGET = 16.4;
				MARKETING_VERSION = 1.0;
				PRODUCT_BUNDLE_IDENTIFIER = "Zhenbo-Wang.chatgpptTests";
				PRODUCT_NAME = "$(TARGET_NAME)";
				SWIFT_EMIT_LOC_STRINGS = NO;
				SWIFT_VERSION = 5.0;
				TARGETED_DEVICE_FAMILY = "1,2";
				TEST_HOST = "$(BUILT_PRODUCTS_DIR)/chatgppt.app/$(BUNDLE_EXECUTABLE_FOLDER_PATH)/chatgppt";
			};
			name = Debug;
		};
		C1AA0ED52A2A4C1700C2C9B3 /* Release */ = {
			isa = XCBuildConfiguration;
			buildSettings = {
				ALWAYS_EMBED_SWIFT_STANDARD_LIBRARIES = YES;
				BUNDLE_LOADER = "$(TEST_HOST)";
				CODE_SIGN_STYLE = Automatic;
				CURRENT_PROJECT_VERSION = 1;
				DEVELOPMENT_TEAM = HJUD8NJFHM;
				GENERATE_INFOPLIST_FILE = YES;
				IPHONEOS_DEPLOYMENT_TARGET = 16.4;
				MARKETING_VERSION = 1.0;
				PRODUCT_BUNDLE_IDENTIFIER = "Zhenbo-Wang.chatgpptTests";
				PRODUCT_NAME = "$(TARGET_NAME)";
				SWIFT_EMIT_LOC_STRINGS = NO;
				SWIFT_VERSION = 5.0;
				TARGETED_DEVICE_FAMILY = "1,2";
				TEST_HOST = "$(BUILT_PRODUCTS_DIR)/chatgppt.app/$(BUNDLE_EXECUTABLE_FOLDER_PATH)/chatgppt";
			};
			name = Release;
		};
		C1AA0ED72A2A4C1700C2C9B3 /* Debug */ = {
			isa = XCBuildConfiguration;
			buildSettings = {
				ALWAYS_EMBED_SWIFT_STANDARD_LIBRARIES = YES;
				CODE_SIGN_STYLE = Automatic;
				CURRENT_PROJECT_VERSION = 1;
				DEVELOPMENT_TEAM = HJUD8NJFHM;
				GENERATE_INFOPLIST_FILE = YES;
				MARKETING_VERSION = 1.0;
				PRODUCT_BUNDLE_IDENTIFIER = "Zhenbo-Wang.chatgpptUITests";
				PRODUCT_NAME = "$(TARGET_NAME)";
				SWIFT_EMIT_LOC_STRINGS = NO;
				SWIFT_VERSION = 5.0;
				TARGETED_DEVICE_FAMILY = "1,2";
				TEST_TARGET_NAME = chatgppt;
			};
			name = Debug;
		};
		C1AA0ED82A2A4C1700C2C9B3 /* Release */ = {
			isa = XCBuildConfiguration;
			buildSettings = {
				ALWAYS_EMBED_SWIFT_STANDARD_LIBRARIES = YES;
				CODE_SIGN_STYLE = Automatic;
				CURRENT_PROJECT_VERSION = 1;
				DEVELOPMENT_TEAM = HJUD8NJFHM;
				GENERATE_INFOPLIST_FILE = YES;
				MARKETING_VERSION = 1.0;
				PRODUCT_BUNDLE_IDENTIFIER = "Zhenbo-Wang.chatgpptUITests";
				PRODUCT_NAME = "$(TARGET_NAME)";
				SWIFT_EMIT_LOC_STRINGS = NO;
				SWIFT_VERSION = 5.0;
				TARGETED_DEVICE_FAMILY = "1,2";
				TEST_TARGET_NAME = chatgppt;
			};
			name = Release;
		};
/* End XCBuildConfiguration section */

/* Begin XCConfigurationList section */
		C1AA0E9F2A2A4C1700C2C9B3 /* Build configuration list for PBXProject "chatgppt" */ = {
			isa = XCConfigurationList;
			buildConfigurations = (
				C1AA0ECE2A2A4C1700C2C9B3 /* Debug */,
				C1AA0ECF2A2A4C1700C2C9B3 /* Release */,
			);
			defaultConfigurationIsVisible = 0;
			defaultConfigurationName = Release;
		};
		C1AA0ED02A2A4C1700C2C9B3 /* Build configuration list for PBXNativeTarget "chatgppt" */ = {
			isa = XCConfigurationList;
			buildConfigurations = (
				C1AA0ED12A2A4C1700C2C9B3 /* Debug */,
				C1AA0ED22A2A4C1700C2C9B3 /* Release */,
			);
			defaultConfigurationIsVisible = 0;
			defaultConfigurationName = Release;
		};
		C1AA0ED32A2A4C1700C2C9B3 /* Build configuration list for PBXNativeTarget "chatgpptTests" */ = {
			isa = XCConfigurationList;
			buildConfigurations = (
				C1AA0ED42A2A4C1700C2C9B3 /* Debug */,
				C1AA0ED52A2A4C1700C2C9B3 /* Release */,
			);
			defaultConfigurationIsVisible = 0;
			defaultConfigurationName = Release;
		};
		C1AA0ED62A2A4C1700C2C9B3 /* Build configuration list for PBXNativeTarget "chatgpptUITests" */ = {
			isa = XCConfigurationList;
			buildConfigurations = (
				C1AA0ED72A2A4C1700C2C9B3 /* Debug */,
				C1AA0ED82A2A4C1700C2C9B3 /* Release */,
			);
			defaultConfigurationIsVisible = 0;
			defaultConfigurationName = Release;
		};
/* End XCConfigurationList section */
	};
	rootObject = C1AA0E9C2A2A4C1700C2C9B3 /* Project object */;
}
