// !$*UTF8*$!
{
	archiveVersion = 1;
	classes = {
	};
	objectVersion = 56;
	objects = {

/* Begin PBXBuildFile section */
		C1AA0E6D2A2A3C6D00C2C9B3 /* chatgptApp.swift in Sources */ = {isa = PBXBuildFile; fileRef = C1AA0E6C2A2A3C6D00C2C9B3 /* chatgptApp.swift */; };
		C1AA0E6F2A2A3C6D00C2C9B3 /* chatgptDocument.swift in Sources */ = {isa = PBXBuildFile; fileRef = C1AA0E6E2A2A3C6D00C2C9B3 /* chatgptDocument.swift */; };
		C1AA0E712A2A3C6D00C2C9B3 /* ContentView.swift in Sources */ = {isa = PBXBuildFile; fileRef = C1AA0E702A2A3C6D00C2C9B3 /* ContentView.swift */; };
		C1AA0E732A2A3C6D00C2C9B3 /* Assets.xcassets in Resources */ = {isa = PBXBuildFile; fileRef = C1AA0E722A2A3C6D00C2C9B3 /* Assets.xcassets */; };
		C1AA0E762A2A3C6D00C2C9B3 /* Preview Assets.xcassets in Resources */ = {isa = PBXBuildFile; fileRef = C1AA0E752A2A3C6D00C2C9B3 /* Preview Assets.xcassets */; };
		C1AA0E812A2A3C6E00C2C9B3 /* chatgptTests.swift in Sources */ = {isa = PBXBuildFile; fileRef = C1AA0E802A2A3C6E00C2C9B3 /* chatgptTests.swift */; };
		C1AA0E8B2A2A3C6E00C2C9B3 /* chatgptUITests.swift in Sources */ = {isa = PBXBuildFile; fileRef = C1AA0E8A2A2A3C6E00C2C9B3 /* chatgptUITests.swift */; };
		C1AA0E8D2A2A3C6E00C2C9B3 /* chatgptUITestsLaunchTests.swift in Sources */ = {isa = PBXBuildFile; fileRef = C1AA0E8C2A2A3C6E00C2C9B3 /* chatgptUITestsLaunchTests.swift */; };
		C1AA0E9A2A2A4A6300C2C9B3 /* conversation.swift in Sources */ = {isa = PBXBuildFile; fileRef = C1AA0E992A2A4A6300C2C9B3 /* conversation.swift */; };
/* End PBXBuildFile section */

/* Begin PBXContainerItemProxy section */
		C1AA0E7D2A2A3C6E00C2C9B3 /* PBXContainerItemProxy */ = {
			isa = PBXContainerItemProxy;
			containerPortal = C1AA0E612A2A3C6D00C2C9B3 /* Project object */;
			proxyType = 1;
			remoteGlobalIDString = C1AA0E682A2A3C6D00C2C9B3;
			remoteInfo = chatgpt;
		};
		C1AA0E872A2A3C6E00C2C9B3 /* PBXContainerItemProxy */ = {
			isa = PBXContainerItemProxy;
			containerPortal = C1AA0E612A2A3C6D00C2C9B3 /* Project object */;
			proxyType = 1;
			remoteGlobalIDString = C1AA0E682A2A3C6D00C2C9B3;
			remoteInfo = chatgpt;
		};
/* End PBXContainerItemProxy section */

/* Begin PBXFileReference section */
		C1AA0E692A2A3C6D00C2C9B3 /* chatgpt.app */ = {isa = PBXFileReference; explicitFileType = wrapper.application; includeInIndex = 0; path = chatgpt.app; sourceTree = BUILT_PRODUCTS_DIR; };
		C1AA0E6C2A2A3C6D00C2C9B3 /* chatgptApp.swift */ = {isa = PBXFileReference; lastKnownFileType = sourcecode.swift; path = chatgptApp.swift; sourceTree = "<group>"; };
		C1AA0E6E2A2A3C6D00C2C9B3 /* chatgptDocument.swift */ = {isa = PBXFileReference; lastKnownFileType = sourcecode.swift; path = chatgptDocument.swift; sourceTree = "<group>"; };
		C1AA0E702A2A3C6D00C2C9B3 /* ContentView.swift */ = {isa = PBXFileReference; lastKnownFileType = sourcecode.swift; path = ContentView.swift; sourceTree = "<group>"; };
		C1AA0E722A2A3C6D00C2C9B3 /* Assets.xcassets */ = {isa = PBXFileReference; lastKnownFileType = folder.assetcatalog; path = Assets.xcassets; sourceTree = "<group>"; };
		C1AA0E752A2A3C6D00C2C9B3 /* Preview Assets.xcassets */ = {isa = PBXFileReference; lastKnownFileType = folder.assetcatalog; path = "Preview Assets.xcassets"; sourceTree = "<group>"; };
		C1AA0E772A2A3C6D00C2C9B3 /* Info.plist */ = {isa = PBXFileReference; lastKnownFileType = text.plist.xml; path = Info.plist; sourceTree = "<group>"; };
		C1AA0E7C2A2A3C6E00C2C9B3 /* chatgptTests.xctest */ = {isa = PBXFileReference; explicitFileType = wrapper.cfbundle; includeInIndex = 0; path = chatgptTests.xctest; sourceTree = BUILT_PRODUCTS_DIR; };
		C1AA0E802A2A3C6E00C2C9B3 /* chatgptTests.swift */ = {isa = PBXFileReference; lastKnownFileType = sourcecode.swift; path = chatgptTests.swift; sourceTree = "<group>"; };
		C1AA0E862A2A3C6E00C2C9B3 /* chatgptUITests.xctest */ = {isa = PBXFileReference; explicitFileType = wrapper.cfbundle; includeInIndex = 0; path = chatgptUITests.xctest; sourceTree = BUILT_PRODUCTS_DIR; };
		C1AA0E8A2A2A3C6E00C2C9B3 /* chatgptUITests.swift */ = {isa = PBXFileReference; lastKnownFileType = sourcecode.swift; path = chatgptUITests.swift; sourceTree = "<group>"; };
		C1AA0E8C2A2A3C6E00C2C9B3 /* chatgptUITestsLaunchTests.swift */ = {isa = PBXFileReference; lastKnownFileType = sourcecode.swift; path = chatgptUITestsLaunchTests.swift; sourceTree = "<group>"; };
		C1AA0E992A2A4A6300C2C9B3 /* conversation.swift */ = {isa = PBXFileReference; lastKnownFileType = sourcecode.swift; path = conversation.swift; sourceTree = "<group>"; };
/* End PBXFileReference section */

/* Begin PBXFrameworksBuildPhase section */
		C1AA0E662A2A3C6D00C2C9B3 /* Frameworks */ = {
			isa = PBXFrameworksBuildPhase;
			buildActionMask = 2147483647;
			files = (
			);
			runOnlyForDeploymentPostprocessing = 0;
		};
		C1AA0E792A2A3C6E00C2C9B3 /* Frameworks */ = {
			isa = PBXFrameworksBuildPhase;
			buildActionMask = 2147483647;
			files = (
			);
			runOnlyForDeploymentPostprocessing = 0;
		};
		C1AA0E832A2A3C6E00C2C9B3 /* Frameworks */ = {
			isa = PBXFrameworksBuildPhase;
			buildActionMask = 2147483647;
			files = (
			);
			runOnlyForDeploymentPostprocessing = 0;
		};
/* End PBXFrameworksBuildPhase section */

/* Begin PBXGroup section */
		C1AA0E602A2A3C6D00C2C9B3 = {
			isa = PBXGroup;
			children = (
				C1AA0E6B2A2A3C6D00C2C9B3 /* chatgpt */,
				C1AA0E7F2A2A3C6E00C2C9B3 /* chatgptTests */,
				C1AA0E892A2A3C6E00C2C9B3 /* chatgptUITests */,
				C1AA0E6A2A2A3C6D00C2C9B3 /* Products */,
			);
			sourceTree = "<group>";
		};
		C1AA0E6A2A2A3C6D00C2C9B3 /* Products */ = {
			isa = PBXGroup;
			children = (
				C1AA0E692A2A3C6D00C2C9B3 /* chatgpt.app */,
				C1AA0E7C2A2A3C6E00C2C9B3 /* chatgptTests.xctest */,
				C1AA0E862A2A3C6E00C2C9B3 /* chatgptUITests.xctest */,
			);
			name = Products;
			sourceTree = "<group>";
		};
		C1AA0E6B2A2A3C6D00C2C9B3 /* chatgpt */ = {
			isa = PBXGroup;
			children = (
				C1AA0E6C2A2A3C6D00C2C9B3 /* chatgptApp.swift */,
				C1AA0E6E2A2A3C6D00C2C9B3 /* chatgptDocument.swift */,
				C1AA0E702A2A3C6D00C2C9B3 /* ContentView.swift */,
				C1AA0E722A2A3C6D00C2C9B3 /* Assets.xcassets */,
				C1AA0E772A2A3C6D00C2C9B3 /* Info.plist */,
				C1AA0E742A2A3C6D00C2C9B3 /* Preview Content */,
				C1AA0E992A2A4A6300C2C9B3 /* conversation.swift */,
			);
			path = chatgpt;
			sourceTree = "<group>";
		};
		C1AA0E742A2A3C6D00C2C9B3 /* Preview Content */ = {
			isa = PBXGroup;
			children = (
				C1AA0E752A2A3C6D00C2C9B3 /* Preview Assets.xcassets */,
			);
			path = "Preview Content";
			sourceTree = "<group>";
		};
		C1AA0E7F2A2A3C6E00C2C9B3 /* chatgptTests */ = {
			isa = PBXGroup;
			children = (
				C1AA0E802A2A3C6E00C2C9B3 /* chatgptTests.swift */,
			);
			path = chatgptTests;
			sourceTree = "<group>";
		};
		C1AA0E892A2A3C6E00C2C9B3 /* chatgptUITests */ = {
			isa = PBXGroup;
			children = (
				C1AA0E8A2A2A3C6E00C2C9B3 /* chatgptUITests.swift */,
				C1AA0E8C2A2A3C6E00C2C9B3 /* chatgptUITestsLaunchTests.swift */,
			);
			path = chatgptUITests;
			sourceTree = "<group>";
		};
/* End PBXGroup section */

/* Begin PBXNativeTarget section */
		C1AA0E682A2A3C6D00C2C9B3 /* chatgpt */ = {
			isa = PBXNativeTarget;
			buildConfigurationList = C1AA0E902A2A3C6E00C2C9B3 /* Build configuration list for PBXNativeTarget "chatgpt" */;
			buildPhases = (
				C1AA0E652A2A3C6D00C2C9B3 /* Sources */,
				C1AA0E662A2A3C6D00C2C9B3 /* Frameworks */,
				C1AA0E672A2A3C6D00C2C9B3 /* Resources */,
			);
			buildRules = (
			);
			dependencies = (
			);
			name = chatgpt;
			productName = chatgpt;
			productReference = C1AA0E692A2A3C6D00C2C9B3 /* chatgpt.app */;
			productType = "com.apple.product-type.application";
		};
		C1AA0E7B2A2A3C6E00C2C9B3 /* chatgptTests */ = {
			isa = PBXNativeTarget;
			buildConfigurationList = C1AA0E932A2A3C6E00C2C9B3 /* Build configuration list for PBXNativeTarget "chatgptTests" */;
			buildPhases = (
				C1AA0E782A2A3C6E00C2C9B3 /* Sources */,
				C1AA0E792A2A3C6E00C2C9B3 /* Frameworks */,
				C1AA0E7A2A2A3C6E00C2C9B3 /* Resources */,
			);
			buildRules = (
			);
			dependencies = (
				C1AA0E7E2A2A3C6E00C2C9B3 /* PBXTargetDependency */,
			);
			name = chatgptTests;
			productName = chatgptTests;
			productReference = C1AA0E7C2A2A3C6E00C2C9B3 /* chatgptTests.xctest */;
			productType = "com.apple.product-type.bundle.unit-test";
		};
		C1AA0E852A2A3C6E00C2C9B3 /* chatgptUITests */ = {
			isa = PBXNativeTarget;
			buildConfigurationList = C1AA0E962A2A3C6E00C2C9B3 /* Build configuration list for PBXNativeTarget "chatgptUITests" */;
			buildPhases = (
				C1AA0E822A2A3C6E00C2C9B3 /* Sources */,
				C1AA0E832A2A3C6E00C2C9B3 /* Frameworks */,
				C1AA0E842A2A3C6E00C2C9B3 /* Resources */,
			);
			buildRules = (
			);
			dependencies = (
				C1AA0E882A2A3C6E00C2C9B3 /* PBXTargetDependency */,
			);
			name = chatgptUITests;
			productName = chatgptUITests;
			productReference = C1AA0E862A2A3C6E00C2C9B3 /* chatgptUITests.xctest */;
			productType = "com.apple.product-type.bundle.ui-testing";
		};
/* End PBXNativeTarget section */

/* Begin PBXProject section */
		C1AA0E612A2A3C6D00C2C9B3 /* Project object */ = {
			isa = PBXProject;
			attributes = {
				BuildIndependentTargetsInParallel = 1;
				LastSwiftUpdateCheck = 1430;
				LastUpgradeCheck = 1430;
				TargetAttributes = {
					C1AA0E682A2A3C6D00C2C9B3 = {
						CreatedOnToolsVersion = 14.3;
					};
					C1AA0E7B2A2A3C6E00C2C9B3 = {
						CreatedOnToolsVersion = 14.3;
						TestTargetID = C1AA0E682A2A3C6D00C2C9B3;
					};
					C1AA0E852A2A3C6E00C2C9B3 = {
						CreatedOnToolsVersion = 14.3;
						TestTargetID = C1AA0E682A2A3C6D00C2C9B3;
					};
				};
			};
			buildConfigurationList = C1AA0E642A2A3C6D00C2C9B3 /* Build configuration list for PBXProject "chatgpt" */;
			compatibilityVersion = "Xcode 14.0";
			developmentRegion = en;
			hasScannedForEncodings = 0;
			knownRegions = (
				en,
				Base,
			);
			mainGroup = C1AA0E602A2A3C6D00C2C9B3;
			productRefGroup = C1AA0E6A2A2A3C6D00C2C9B3 /* Products */;
			projectDirPath = "";
			projectRoot = "";
			targets = (
				C1AA0E682A2A3C6D00C2C9B3 /* chatgpt */,
				C1AA0E7B2A2A3C6E00C2C9B3 /* chatgptTests */,
				C1AA0E852A2A3C6E00C2C9B3 /* chatgptUITests */,
			);
		};
/* End PBXProject section */

/* Begin PBXResourcesBuildPhase section */
		C1AA0E672A2A3C6D00C2C9B3 /* Resources */ = {
			isa = PBXResourcesBuildPhase;
			buildActionMask = 2147483647;
			files = (
				C1AA0E762A2A3C6D00C2C9B3 /* Preview Assets.xcassets in Resources */,
				C1AA0E732A2A3C6D00C2C9B3 /* Assets.xcassets in Resources */,
			);
			runOnlyForDeploymentPostprocessing = 0;
		};
		C1AA0E7A2A2A3C6E00C2C9B3 /* Resources */ = {
			isa = PBXResourcesBuildPhase;
			buildActionMask = 2147483647;
			files = (
			);
			runOnlyForDeploymentPostprocessing = 0;
		};
		C1AA0E842A2A3C6E00C2C9B3 /* Resources */ = {
			isa = PBXResourcesBuildPhase;
			buildActionMask = 2147483647;
			files = (
			);
			runOnlyForDeploymentPostprocessing = 0;
		};
/* End PBXResourcesBuildPhase section */

/* Begin PBXSourcesBuildPhase section */
		C1AA0E652A2A3C6D00C2C9B3 /* Sources */ = {
			isa = PBXSourcesBuildPhase;
			buildActionMask = 2147483647;
			files = (
				C1AA0E9A2A2A4A6300C2C9B3 /* conversation.swift in Sources */,
				C1AA0E6F2A2A3C6D00C2C9B3 /* chatgptDocument.swift in Sources */,
				C1AA0E6D2A2A3C6D00C2C9B3 /* chatgptApp.swift in Sources */,
				C1AA0E712A2A3C6D00C2C9B3 /* ContentView.swift in Sources */,
			);
			runOnlyForDeploymentPostprocessing = 0;
		};
		C1AA0E782A2A3C6E00C2C9B3 /* Sources */ = {
			isa = PBXSourcesBuildPhase;
			buildActionMask = 2147483647;
			files = (
				C1AA0E812A2A3C6E00C2C9B3 /* chatgptTests.swift in Sources */,
			);
			runOnlyForDeploymentPostprocessing = 0;
		};
		C1AA0E822A2A3C6E00C2C9B3 /* Sources */ = {
			isa = PBXSourcesBuildPhase;
			buildActionMask = 2147483647;
			files = (
				C1AA0E8D2A2A3C6E00C2C9B3 /* chatgptUITestsLaunchTests.swift in Sources */,
				C1AA0E8B2A2A3C6E00C2C9B3 /* chatgptUITests.swift in Sources */,
			);
			runOnlyForDeploymentPostprocessing = 0;
		};
/* End PBXSourcesBuildPhase section */

/* Begin PBXTargetDependency section */
		C1AA0E7E2A2A3C6E00C2C9B3 /* PBXTargetDependency */ = {
			isa = PBXTargetDependency;
			target = C1AA0E682A2A3C6D00C2C9B3 /* chatgpt */;
			targetProxy = C1AA0E7D2A2A3C6E00C2C9B3 /* PBXContainerItemProxy */;
		};
		C1AA0E882A2A3C6E00C2C9B3 /* PBXTargetDependency */ = {
			isa = PBXTargetDependency;
			target = C1AA0E682A2A3C6D00C2C9B3 /* chatgpt */;
			targetProxy = C1AA0E872A2A3C6E00C2C9B3 /* PBXContainerItemProxy */;
		};
/* End PBXTargetDependency section */

/* Begin XCBuildConfiguration section */
		C1AA0E8E2A2A3C6E00C2C9B3 /* Debug */ = {
			isa = XCBuildConfiguration;
			buildSettings = {
				ALWAYS_SEARCH_USER_PATHS = NO;
				CLANG_ANALYZER_NONNULL = YES;
				CLANG_ANALYZER_NUMBER_OBJECT_CONVERSION = YES_AGGRESSIVE;
				CLANG_CXX_LANGUAGE_STANDARD = "gnu++20";
				CLANG_ENABLE_MODULES = YES;
				CLANG_ENABLE_OBJC_ARC = YES;
				CLANG_ENABLE_OBJC_WEAK = YES;
				CLANG_WARN_BLOCK_CAPTURE_AUTORELEASING = YES;
				CLANG_WARN_BOOL_CONVERSION = YES;
				CLANG_WARN_COMMA = YES;
				CLANG_WARN_CONSTANT_CONVERSION = YES;
				CLANG_WARN_DEPRECATED_OBJC_IMPLEMENTATIONS = YES;
				CLANG_WARN_DIRECT_OBJC_ISA_USAGE = YES_ERROR;
				CLANG_WARN_DOCUMENTATION_COMMENTS = YES;
				CLANG_WARN_EMPTY_BODY = YES;
				CLANG_WARN_ENUM_CONVERSION = YES;
				CLANG_WARN_INFINITE_RECURSION = YES;
				CLANG_WARN_INT_CONVERSION = YES;
				CLANG_WARN_NON_LITERAL_NULL_CONVERSION = YES;
				CLANG_WARN_OBJC_IMPLICIT_RETAIN_SELF = YES;
				CLANG_WARN_OBJC_LITERAL_CONVERSION = YES;
				CLANG_WARN_OBJC_ROOT_CLASS = YES_ERROR;
				CLANG_WARN_QUOTED_INCLUDE_IN_FRAMEWORK_HEADER = YES;
				CLANG_WARN_RANGE_LOOP_ANALYSIS = YES;
				CLANG_WARN_STRICT_PROTOTYPES = YES;
				CLANG_WARN_SUSPICIOUS_MOVE = YES;
				CLANG_WARN_UNGUARDED_AVAILABILITY = YES_AGGRESSIVE;
				CLANG_WARN_UNREACHABLE_CODE = YES;
				CLANG_WARN__DUPLICATE_METHOD_MATCH = YES;
				COPY_PHASE_STRIP = NO;
				DEBUG_INFORMATION_FORMAT = dwarf;
				ENABLE_STRICT_OBJC_MSGSEND = YES;
				ENABLE_TESTABILITY = YES;
				GCC_C_LANGUAGE_STANDARD = gnu11;
				GCC_DYNAMIC_NO_PIC = NO;
				GCC_NO_COMMON_BLOCKS = YES;
				GCC_OPTIMIZATION_LEVEL = 0;
				GCC_PREPROCESSOR_DEFINITIONS = (
					"DEBUG=1",
					"$(inherited)",
				);
				GCC_WARN_64_TO_32_BIT_CONVERSION = YES;
				GCC_WARN_ABOUT_RETURN_TYPE = YES_ERROR;
				GCC_WARN_UNDECLARED_SELECTOR = YES;
				GCC_WARN_UNINITIALIZED_AUTOS = YES_AGGRESSIVE;
				GCC_WARN_UNUSED_FUNCTION = YES;
				GCC_WARN_UNUSED_VARIABLE = YES;
				IPHONEOS_DEPLOYMENT_TARGET = 16.4;
				MTL_ENABLE_DEBUG_INFO = INCLUDE_SOURCE;
				MTL_FAST_MATH = YES;
				ONLY_ACTIVE_ARCH = YES;
				SDKROOT = iphoneos;
				SWIFT_ACTIVE_COMPILATION_CONDITIONS = DEBUG;
				SWIFT_OPTIMIZATION_LEVEL = "-Onone";
			};
			name = Debug;
		};
		C1AA0E8F2A2A3C6E00C2C9B3 /* Release */ = {
			isa = XCBuildConfiguration;
			buildSettings = {
				ALWAYS_SEARCH_USER_PATHS = NO;
				CLANG_ANALYZER_NONNULL = YES;
				CLANG_ANALYZER_NUMBER_OBJECT_CONVERSION = YES_AGGRESSIVE;
				CLANG_CXX_LANGUAGE_STANDARD = "gnu++20";
				CLANG_ENABLE_MODULES = YES;
				CLANG_ENABLE_OBJC_ARC = YES;
				CLANG_ENABLE_OBJC_WEAK = YES;
				CLANG_WARN_BLOCK_CAPTURE_AUTORELEASING = YES;
				CLANG_WARN_BOOL_CONVERSION = YES;
				CLANG_WARN_COMMA = YES;
				CLANG_WARN_CONSTANT_CONVERSION = YES;
				CLANG_WARN_DEPRECATED_OBJC_IMPLEMENTATIONS = YES;
				CLANG_WARN_DIRECT_OBJC_ISA_USAGE = YES_ERROR;
				CLANG_WARN_DOCUMENTATION_COMMENTS = YES;
				CLANG_WARN_EMPTY_BODY = YES;
				CLANG_WARN_ENUM_CONVERSION = YES;
				CLANG_WARN_INFINITE_RECURSION = YES;
				CLANG_WARN_INT_CONVERSION = YES;
				CLANG_WARN_NON_LITERAL_NULL_CONVERSION = YES;
				CLANG_WARN_OBJC_IMPLICIT_RETAIN_SELF = YES;
				CLANG_WARN_OBJC_LITERAL_CONVERSION = YES;
				CLANG_WARN_OBJC_ROOT_CLASS = YES_ERROR;
				CLANG_WARN_QUOTED_INCLUDE_IN_FRAMEWORK_HEADER = YES;
				CLANG_WARN_RANGE_LOOP_ANALYSIS = YES;
				CLANG_WARN_STRICT_PROTOTYPES = YES;
				CLANG_WARN_SUSPICIOUS_MOVE = YES;
				CLANG_WARN_UNGUARDED_AVAILABILITY = YES_AGGRESSIVE;
				CLANG_WARN_UNREACHABLE_CODE = YES;
				CLANG_WARN__DUPLICATE_METHOD_MATCH = YES;
				COPY_PHASE_STRIP = NO;
				DEBUG_INFORMATION_FORMAT = "dwarf-with-dsym";
				ENABLE_NS_ASSERTIONS = NO;
				ENABLE_STRICT_OBJC_MSGSEND = YES;
				GCC_C_LANGUAGE_STANDARD = gnu11;
				GCC_NO_COMMON_BLOCKS = YES;
				GCC_WARN_64_TO_32_BIT_CONVERSION = YES;
				GCC_WARN_ABOUT_RETURN_TYPE = YES_ERROR;
				GCC_WARN_UNDECLARED_SELECTOR = YES;
				GCC_WARN_UNINITIALIZED_AUTOS = YES_AGGRESSIVE;
				GCC_WARN_UNUSED_FUNCTION = YES;
				GCC_WARN_UNUSED_VARIABLE = YES;
				IPHONEOS_DEPLOYMENT_TARGET = 16.4;
				MTL_ENABLE_DEBUG_INFO = NO;
				MTL_FAST_MATH = YES;
				SDKROOT = iphoneos;
				SWIFT_COMPILATION_MODE = wholemodule;
				SWIFT_OPTIMIZATION_LEVEL = "-O";
				VALIDATE_PRODUCT = YES;
			};
			name = Release;
		};
		C1AA0E912A2A3C6E00C2C9B3 /* Debug */ = {
			isa = XCBuildConfiguration;
			buildSettings = {
				ASSETCATALOG_COMPILER_APPICON_NAME = AppIcon;
				ASSETCATALOG_COMPILER_GLOBAL_ACCENT_COLOR_NAME = AccentColor;
				CODE_SIGN_STYLE = Automatic;
				CURRENT_PROJECT_VERSION = 1;
				DEVELOPMENT_ASSET_PATHS = "\"chatgpt/Preview Content\"";
				DEVELOPMENT_TEAM = HJUD8NJFHM;
				ENABLE_PREVIEWS = YES;
				GENERATE_INFOPLIST_FILE = YES;
				INFOPLIST_FILE = chatgpt/Info.plist;
				INFOPLIST_KEY_UIApplicationSceneManifest_Generation = YES;
				INFOPLIST_KEY_UIApplicationSupportsIndirectInputEvents = YES;
				INFOPLIST_KEY_UILaunchScreen_Generation = YES;
				INFOPLIST_KEY_UISupportedInterfaceOrientations_iPad = "UIInterfaceOrientationPortrait UIInterfaceOrientationPortraitUpsideDown UIInterfaceOrientationLandscapeLeft UIInterfaceOrientationLandscapeRight";
				INFOPLIST_KEY_UISupportedInterfaceOrientations_iPhone = "UIInterfaceOrientationPortrait UIInterfaceOrientationLandscapeLeft UIInterfaceOrientationLandscapeRight";
				INFOPLIST_KEY_UISupportsDocumentBrowser = YES;
				LD_RUNPATH_SEARCH_PATHS = (
					"$(inherited)",
					"@executable_path/Frameworks",
				);
				MARKETING_VERSION = 1.0;
				PRODUCT_BUNDLE_IDENTIFIER = "Zhenbo-Wang.chatgpt";
				PRODUCT_NAME = "$(TARGET_NAME)";
				SWIFT_EMIT_LOC_STRINGS = YES;
				SWIFT_VERSION = 5.0;
				TARGETED_DEVICE_FAMILY = "1,2";
			};
			name = Debug;
		};
		C1AA0E922A2A3C6E00C2C9B3 /* Release */ = {
			isa = XCBuildConfiguration;
			buildSettings = {
				ASSETCATALOG_COMPILER_APPICON_NAME = AppIcon;
				ASSETCATALOG_COMPILER_GLOBAL_ACCENT_COLOR_NAME = AccentColor;
				CODE_SIGN_STYLE = Automatic;
				CURRENT_PROJECT_VERSION = 1;
				DEVELOPMENT_ASSET_PATHS = "\"chatgpt/Preview Content\"";
				DEVELOPMENT_TEAM = HJUD8NJFHM;
				ENABLE_PREVIEWS = YES;
				GENERATE_INFOPLIST_FILE = YES;
				INFOPLIST_FILE = chatgpt/Info.plist;
				INFOPLIST_KEY_UIApplicationSceneManifest_Generation = YES;
				INFOPLIST_KEY_UIApplicationSupportsIndirectInputEvents = YES;
				INFOPLIST_KEY_UILaunchScreen_Generation = YES;
				INFOPLIST_KEY_UISupportedInterfaceOrientations_iPad = "UIInterfaceOrientationPortrait UIInterfaceOrientationPortraitUpsideDown UIInterfaceOrientationLandscapeLeft UIInterfaceOrientationLandscapeRight";
				INFOPLIST_KEY_UISupportedInterfaceOrientations_iPhone = "UIInterfaceOrientationPortrait UIInterfaceOrientationLandscapeLeft UIInterfaceOrientationLandscapeRight";
				INFOPLIST_KEY_UISupportsDocumentBrowser = YES;
				LD_RUNPATH_SEARCH_PATHS = (
					"$(inherited)",
					"@executable_path/Frameworks",
				);
				MARKETING_VERSION = 1.0;
				PRODUCT_BUNDLE_IDENTIFIER = "Zhenbo-Wang.chatgpt";
				PRODUCT_NAME = "$(TARGET_NAME)";
				SWIFT_EMIT_LOC_STRINGS = YES;
				SWIFT_VERSION = 5.0;
				TARGETED_DEVICE_FAMILY = "1,2";
			};
			name = Release;
		};
		C1AA0E942A2A3C6E00C2C9B3 /* Debug */ = {
			isa = XCBuildConfiguration;
			buildSettings = {
				ALWAYS_EMBED_SWIFT_STANDARD_LIBRARIES = YES;
				BUNDLE_LOADER = "$(TEST_HOST)";
				CODE_SIGN_STYLE = Automatic;
				CURRENT_PROJECT_VERSION = 1;
				DEVELOPMENT_TEAM = HJUD8NJFHM;
				GENERATE_INFOPLIST_FILE = YES;
				IPHONEOS_DEPLOYMENT_TARGET = 16.4;
				MARKETING_VERSION = 1.0;
				PRODUCT_BUNDLE_IDENTIFIER = "Zhenbo-Wang.chatgptTests";
				PRODUCT_NAME = "$(TARGET_NAME)";
				SWIFT_EMIT_LOC_STRINGS = NO;
				SWIFT_VERSION = 5.0;
				TARGETED_DEVICE_FAMILY = "1,2";
				TEST_HOST = "$(BUILT_PRODUCTS_DIR)/chatgpt.app/$(BUNDLE_EXECUTABLE_FOLDER_PATH)/chatgpt";
			};
			name = Debug;
		};
		C1AA0E952A2A3C6E00C2C9B3 /* Release */ = {
			isa = XCBuildConfiguration;
			buildSettings = {
				ALWAYS_EMBED_SWIFT_STANDARD_LIBRARIES = YES;
				BUNDLE_LOADER = "$(TEST_HOST)";
				CODE_SIGN_STYLE = Automatic;
				CURRENT_PROJECT_VERSION = 1;
				DEVELOPMENT_TEAM = HJUD8NJFHM;
				GENERATE_INFOPLIST_FILE = YES;
				IPHONEOS_DEPLOYMENT_TARGET = 16.4;
				MARKETING_VERSION = 1.0;
				PRODUCT_BUNDLE_IDENTIFIER = "Zhenbo-Wang.chatgptTests";
				PRODUCT_NAME = "$(TARGET_NAME)";
				SWIFT_EMIT_LOC_STRINGS = NO;
				SWIFT_VERSION = 5.0;
				TARGETED_DEVICE_FAMILY = "1,2";
				TEST_HOST = "$(BUILT_PRODUCTS_DIR)/chatgpt.app/$(BUNDLE_EXECUTABLE_FOLDER_PATH)/chatgpt";
			};
			name = Release;
		};
		C1AA0E972A2A3C6E00C2C9B3 /* Debug */ = {
			isa = XCBuildConfiguration;
			buildSettings = {
				ALWAYS_EMBED_SWIFT_STANDARD_LIBRARIES = YES;
				CODE_SIGN_STYLE = Automatic;
				CURRENT_PROJECT_VERSION = 1;
				DEVELOPMENT_TEAM = HJUD8NJFHM;
				GENERATE_INFOPLIST_FILE = YES;
				MARKETING_VERSION = 1.0;
				PRODUCT_BUNDLE_IDENTIFIER = "Zhenbo-Wang.chatgptUITests";
				PRODUCT_NAME = "$(TARGET_NAME)";
				SWIFT_EMIT_LOC_STRINGS = NO;
				SWIFT_VERSION = 5.0;
				TARGETED_DEVICE_FAMILY = "1,2";
				TEST_TARGET_NAME = chatgpt;
			};
			name = Debug;
		};
		C1AA0E982A2A3C6E00C2C9B3 /* Release */ = {
			isa = XCBuildConfiguration;
			buildSettings = {
				ALWAYS_EMBED_SWIFT_STANDARD_LIBRARIES = YES;
				CODE_SIGN_STYLE = Automatic;
				CURRENT_PROJECT_VERSION = 1;
				DEVELOPMENT_TEAM = HJUD8NJFHM;
				GENERATE_INFOPLIST_FILE = YES;
				MARKETING_VERSION = 1.0;
				PRODUCT_BUNDLE_IDENTIFIER = "Zhenbo-Wang.chatgptUITests";
				PRODUCT_NAME = "$(TARGET_NAME)";
				SWIFT_EMIT_LOC_STRINGS = NO;
				SWIFT_VERSION = 5.0;
				TARGETED_DEVICE_FAMILY = "1,2";
				TEST_TARGET_NAME = chatgpt;
			};
			name = Release;
		};
/* End XCBuildConfiguration section */

/* Begin XCConfigurationList section */
		C1AA0E642A2A3C6D00C2C9B3 /* Build configuration list for PBXProject "chatgpt" */ = {
			isa = XCConfigurationList;
			buildConfigurations = (
				C1AA0E8E2A2A3C6E00C2C9B3 /* Debug */,
				C1AA0E8F2A2A3C6E00C2C9B3 /* Release */,
			);
			defaultConfigurationIsVisible = 0;
			defaultConfigurationName = Release;
		};
		C1AA0E902A2A3C6E00C2C9B3 /* Build configuration list for PBXNativeTarget "chatgpt" */ = {
			isa = XCConfigurationList;
			buildConfigurations = (
				C1AA0E912A2A3C6E00C2C9B3 /* Debug */,
				C1AA0E922A2A3C6E00C2C9B3 /* Release */,
			);
			defaultConfigurationIsVisible = 0;
			defaultConfigurationName = Release;
		};
		C1AA0E932A2A3C6E00C2C9B3 /* Build configuration list for PBXNativeTarget "chatgptTests" */ = {
			isa = XCConfigurationList;
			buildConfigurations = (
				C1AA0E942A2A3C6E00C2C9B3 /* Debug */,
				C1AA0E952A2A3C6E00C2C9B3 /* Release */,
			);
			defaultConfigurationIsVisible = 0;
			defaultConfigurationName = Release;
		};
		C1AA0E962A2A3C6E00C2C9B3 /* Build configuration list for PBXNativeTarget "chatgptUITests" */ = {
			isa = XCConfigurationList;
			buildConfigurations = (
				C1AA0E972A2A3C6E00C2C9B3 /* Debug */,
				C1AA0E982A2A3C6E00C2C9B3 /* Release */,
			);
			defaultConfigurationIsVisible = 0;
			defaultConfigurationName = Release;
		};
/* End XCConfigurationList section */
	};
	rootObject = C1AA0E612A2A3C6D00C2C9B3 /* Project object */;
}
